// !$*UTF8*$!
{
	archiveVersion = 1;
	classes = {
	};
	objectVersion = 55;
	objects = {

/* Begin PBXBuildFile section */
		244294DDD56DAC890DCAF247 /* Pods_LoaWith.framework in Frameworks */ = {isa = PBXBuildFile; fileRef = 774B76D0A588ECA08F260E17 /* Pods_LoaWith.framework */; };
		2E504C1128CB03D300AE0D7F /* AppCoordinator.swift in Sources */ = {isa = PBXBuildFile; fileRef = 2E504C1028CB03D300AE0D7F /* AppCoordinator.swift */; };
		2E504C1328CB03F300AE0D7F /* Coordinator.swift in Sources */ = {isa = PBXBuildFile; fileRef = 2E504C1228CB03F300AE0D7F /* Coordinator.swift */; };
		2E504C1528CB05B000AE0D7F /* CoordinatorType.swift in Sources */ = {isa = PBXBuildFile; fileRef = 2E504C1428CB05B000AE0D7F /* CoordinatorType.swift */; };
		2E504C1928CB092300AE0D7F /* HomeCoordinator.swift in Sources */ = {isa = PBXBuildFile; fileRef = 2E504C1828CB092300AE0D7F /* HomeCoordinator.swift */; };
		2E504C1E28CB09E300AE0D7F /* HomeViewController.swift in Sources */ = {isa = PBXBuildFile; fileRef = 2E504C1D28CB09E300AE0D7F /* HomeViewController.swift */; };
		2E504C2128CB0B0B00AE0D7F /* .swiftlint.yml in Resources */ = {isa = PBXBuildFile; fileRef = 2E504C2028CB0B0B00AE0D7F /* .swiftlint.yml */; };
		2E504C2328CB3F4700AE0D7F /* HomeViewModel.swift in Sources */ = {isa = PBXBuildFile; fileRef = 2E504C2228CB3F4700AE0D7F /* HomeViewModel.swift */; };
		2E504C2928CB407B00AE0D7F /* HomeUseCase.swift in Sources */ = {isa = PBXBuildFile; fileRef = 2E504C2828CB407B00AE0D7F /* HomeUseCase.swift */; };
		2E504C2B28CB41CA00AE0D7F /* Home.storyboard in Resources */ = {isa = PBXBuildFile; fileRef = 2E504C2A28CB41CA00AE0D7F /* Home.storyboard */; };
		2E504C2D28CB42D900AE0D7F /* UIConstants.swift in Sources */ = {isa = PBXBuildFile; fileRef = 2E504C2C28CB42D900AE0D7F /* UIConstants.swift */; };
		2E504C3828CDA48700AE0D7F /* TopMenuView.swift in Sources */ = {isa = PBXBuildFile; fileRef = 2E504C3728CDA48700AE0D7F /* TopMenuView.swift */; };
		2E504C3A28CDA49500AE0D7F /* TopMenuView.xib in Resources */ = {isa = PBXBuildFile; fileRef = 2E504C3928CDA49500AE0D7F /* TopMenuView.xib */; };
		2E504C3D28CDC88800AE0D7F /* XibUIView.swift in Sources */ = {isa = PBXBuildFile; fileRef = 2E504C3C28CDC88800AE0D7F /* XibUIView.swift */; };
		2E504C3F28CDC90E00AE0D7F /* UIView.swift in Sources */ = {isa = PBXBuildFile; fileRef = 2E504C3E28CDC90E00AE0D7F /* UIView.swift */; };
		2EA7A97128C990F10012A8BB /* AppDelegate.swift in Sources */ = {isa = PBXBuildFile; fileRef = 2EA7A97028C990F10012A8BB /* AppDelegate.swift */; };
		2EA7A97328C990F10012A8BB /* SceneDelegate.swift in Sources */ = {isa = PBXBuildFile; fileRef = 2EA7A97228C990F10012A8BB /* SceneDelegate.swift */; };
		2EA7A97828C990F10012A8BB /* Main.storyboard in Resources */ = {isa = PBXBuildFile; fileRef = 2EA7A97628C990F10012A8BB /* Main.storyboard */; };
		2EA7A97A28C990F30012A8BB /* Assets.xcassets in Resources */ = {isa = PBXBuildFile; fileRef = 2EA7A97928C990F30012A8BB /* Assets.xcassets */; };
		2EA7A97D28C990F30012A8BB /* LaunchScreen.storyboard in Resources */ = {isa = PBXBuildFile; fileRef = 2EA7A97B28C990F30012A8BB /* LaunchScreen.storyboard */; };
		2EA7A98828C990F30012A8BB /* LoaWithTests.swift in Sources */ = {isa = PBXBuildFile; fileRef = 2EA7A98728C990F30012A8BB /* LoaWithTests.swift */; };
		2EA7A99228C990F30012A8BB /* LoaWithUITests.swift in Sources */ = {isa = PBXBuildFile; fileRef = 2EA7A99128C990F30012A8BB /* LoaWithUITests.swift */; };
		2EA7A99428C990F30012A8BB /* LoaWithUITestsLaunchTests.swift in Sources */ = {isa = PBXBuildFile; fileRef = 2EA7A99328C990F30012A8BB /* LoaWithUITestsLaunchTests.swift */; };
		2ECC586428CDE28600C2D457 /* SystemIcons.swift in Sources */ = {isa = PBXBuildFile; fileRef = 2ECC586328CDE28600C2D457 /* SystemIcons.swift */; };
/* End PBXBuildFile section */

/* Begin PBXContainerItemProxy section */
		2EA7A98428C990F30012A8BB /* PBXContainerItemProxy */ = {
			isa = PBXContainerItemProxy;
			containerPortal = 2EA7A96528C990F10012A8BB /* Project object */;
			proxyType = 1;
			remoteGlobalIDString = 2EA7A96C28C990F10012A8BB;
			remoteInfo = LoaWith;
		};
		2EA7A98E28C990F30012A8BB /* PBXContainerItemProxy */ = {
			isa = PBXContainerItemProxy;
			containerPortal = 2EA7A96528C990F10012A8BB /* Project object */;
			proxyType = 1;
			remoteGlobalIDString = 2EA7A96C28C990F10012A8BB;
			remoteInfo = LoaWith;
		};
/* End PBXContainerItemProxy section */

/* Begin PBXFileReference section */
		2E504C1028CB03D300AE0D7F /* AppCoordinator.swift */ = {isa = PBXFileReference; lastKnownFileType = sourcecode.swift; path = AppCoordinator.swift; sourceTree = "<group>"; };
		2E504C1228CB03F300AE0D7F /* Coordinator.swift */ = {isa = PBXFileReference; lastKnownFileType = sourcecode.swift; path = Coordinator.swift; sourceTree = "<group>"; };
		2E504C1428CB05B000AE0D7F /* CoordinatorType.swift */ = {isa = PBXFileReference; lastKnownFileType = sourcecode.swift; path = CoordinatorType.swift; sourceTree = "<group>"; };
		2E504C1828CB092300AE0D7F /* HomeCoordinator.swift */ = {isa = PBXFileReference; lastKnownFileType = sourcecode.swift; path = HomeCoordinator.swift; sourceTree = "<group>"; };
		2E504C1D28CB09E300AE0D7F /* HomeViewController.swift */ = {isa = PBXFileReference; lastKnownFileType = sourcecode.swift; path = HomeViewController.swift; sourceTree = "<group>"; };
		2E504C2028CB0B0B00AE0D7F /* .swiftlint.yml */ = {isa = PBXFileReference; lastKnownFileType = text.yaml; path = .swiftlint.yml; sourceTree = "<group>"; };
		2E504C2228CB3F4700AE0D7F /* HomeViewModel.swift */ = {isa = PBXFileReference; lastKnownFileType = sourcecode.swift; path = HomeViewModel.swift; sourceTree = "<group>"; };
		2E504C2828CB407B00AE0D7F /* HomeUseCase.swift */ = {isa = PBXFileReference; lastKnownFileType = sourcecode.swift; path = HomeUseCase.swift; sourceTree = "<group>"; };
		2E504C2A28CB41CA00AE0D7F /* Home.storyboard */ = {isa = PBXFileReference; lastKnownFileType = file.storyboard; path = Home.storyboard; sourceTree = "<group>"; };
		2E504C2C28CB42D900AE0D7F /* UIConstants.swift */ = {isa = PBXFileReference; lastKnownFileType = sourcecode.swift; path = UIConstants.swift; sourceTree = "<group>"; };
		2E504C3728CDA48700AE0D7F /* TopMenuView.swift */ = {isa = PBXFileReference; lastKnownFileType = sourcecode.swift; path = TopMenuView.swift; sourceTree = "<group>"; };
		2E504C3928CDA49500AE0D7F /* TopMenuView.xib */ = {isa = PBXFileReference; lastKnownFileType = file.xib; path = TopMenuView.xib; sourceTree = "<group>"; };
		2E504C3C28CDC88800AE0D7F /* XibUIView.swift */ = {isa = PBXFileReference; lastKnownFileType = sourcecode.swift; path = XibUIView.swift; sourceTree = "<group>"; };
		2E504C3E28CDC90E00AE0D7F /* UIView.swift */ = {isa = PBXFileReference; lastKnownFileType = sourcecode.swift; path = UIView.swift; sourceTree = "<group>"; };
		2EA7A96D28C990F10012A8BB /* LoaWith.app */ = {isa = PBXFileReference; explicitFileType = wrapper.application; includeInIndex = 0; path = LoaWith.app; sourceTree = BUILT_PRODUCTS_DIR; };
		2EA7A97028C990F10012A8BB /* AppDelegate.swift */ = {isa = PBXFileReference; lastKnownFileType = sourcecode.swift; path = AppDelegate.swift; sourceTree = "<group>"; };
		2EA7A97228C990F10012A8BB /* SceneDelegate.swift */ = {isa = PBXFileReference; lastKnownFileType = sourcecode.swift; path = SceneDelegate.swift; sourceTree = "<group>"; };
		2EA7A97728C990F10012A8BB /* Base */ = {isa = PBXFileReference; lastKnownFileType = file.storyboard; name = Base; path = Base.lproj/Main.storyboard; sourceTree = "<group>"; };
		2EA7A97928C990F30012A8BB /* Assets.xcassets */ = {isa = PBXFileReference; lastKnownFileType = folder.assetcatalog; path = Assets.xcassets; sourceTree = "<group>"; };
		2EA7A97C28C990F30012A8BB /* Base */ = {isa = PBXFileReference; lastKnownFileType = file.storyboard; name = Base; path = Base.lproj/LaunchScreen.storyboard; sourceTree = "<group>"; };
		2EA7A97E28C990F30012A8BB /* Info.plist */ = {isa = PBXFileReference; lastKnownFileType = text.plist.xml; path = Info.plist; sourceTree = "<group>"; };
		2EA7A98328C990F30012A8BB /* LoaWithTests.xctest */ = {isa = PBXFileReference; explicitFileType = wrapper.cfbundle; includeInIndex = 0; path = LoaWithTests.xctest; sourceTree = BUILT_PRODUCTS_DIR; };
		2EA7A98728C990F30012A8BB /* LoaWithTests.swift */ = {isa = PBXFileReference; lastKnownFileType = sourcecode.swift; path = LoaWithTests.swift; sourceTree = "<group>"; };
		2EA7A98D28C990F30012A8BB /* LoaWithUITests.xctest */ = {isa = PBXFileReference; explicitFileType = wrapper.cfbundle; includeInIndex = 0; path = LoaWithUITests.xctest; sourceTree = BUILT_PRODUCTS_DIR; };
		2EA7A99128C990F30012A8BB /* LoaWithUITests.swift */ = {isa = PBXFileReference; lastKnownFileType = sourcecode.swift; path = LoaWithUITests.swift; sourceTree = "<group>"; };
		2EA7A99328C990F30012A8BB /* LoaWithUITestsLaunchTests.swift */ = {isa = PBXFileReference; lastKnownFileType = sourcecode.swift; path = LoaWithUITestsLaunchTests.swift; sourceTree = "<group>"; };
		2ECC586328CDE28600C2D457 /* SystemIcons.swift */ = {isa = PBXFileReference; lastKnownFileType = sourcecode.swift; path = SystemIcons.swift; sourceTree = "<group>"; };
		3DEBCFB75B1B13E33B63E55B /* Pods-LoaWith.release.xcconfig */ = {isa = PBXFileReference; includeInIndex = 1; lastKnownFileType = text.xcconfig; name = "Pods-LoaWith.release.xcconfig"; path = "Target Support Files/Pods-LoaWith/Pods-LoaWith.release.xcconfig"; sourceTree = "<group>"; };
		774B76D0A588ECA08F260E17 /* Pods_LoaWith.framework */ = {isa = PBXFileReference; explicitFileType = wrapper.framework; includeInIndex = 0; path = Pods_LoaWith.framework; sourceTree = BUILT_PRODUCTS_DIR; };
		C35B585AAADEEBF810B16AAE /* Pods-LoaWith.debug.xcconfig */ = {isa = PBXFileReference; includeInIndex = 1; lastKnownFileType = text.xcconfig; name = "Pods-LoaWith.debug.xcconfig"; path = "Target Support Files/Pods-LoaWith/Pods-LoaWith.debug.xcconfig"; sourceTree = "<group>"; };
/* End PBXFileReference section */

/* Begin PBXFrameworksBuildPhase section */
		2EA7A96A28C990F10012A8BB /* Frameworks */ = {
			isa = PBXFrameworksBuildPhase;
			buildActionMask = 2147483647;
			files = (
				244294DDD56DAC890DCAF247 /* Pods_LoaWith.framework in Frameworks */,
			);
			runOnlyForDeploymentPostprocessing = 0;
		};
		2EA7A98028C990F30012A8BB /* Frameworks */ = {
			isa = PBXFrameworksBuildPhase;
			buildActionMask = 2147483647;
			files = (
			);
			runOnlyForDeploymentPostprocessing = 0;
		};
		2EA7A98A28C990F30012A8BB /* Frameworks */ = {
			isa = PBXFrameworksBuildPhase;
			buildActionMask = 2147483647;
			files = (
			);
			runOnlyForDeploymentPostprocessing = 0;
		};
/* End PBXFrameworksBuildPhase section */

/* Begin PBXGroup section */
		2E0311FB28CA8345006D4E89 /* Application */ = {
			isa = PBXGroup;
			children = (
				2EA7A97028C990F10012A8BB /* AppDelegate.swift */,
				2EA7A97B28C990F30012A8BB /* LaunchScreen.storyboard */,
				2EA7A97228C990F10012A8BB /* SceneDelegate.swift */,
			);
			path = Application;
			sourceTree = "<group>";
		};
		2E0311FC28CA8351006D4E89 /* Data */ = {
			isa = PBXGroup;
			children = (
				2E03120728CA852B006D4E89 /* DataMapping */,
				2E03120628CA8522006D4E89 /* Repository */,
			);
			path = Data;
			sourceTree = "<group>";
		};
		2E0311FD28CA8357006D4E89 /* Presentation */ = {
			isa = PBXGroup;
			children = (
				2E03120128CA844C006D4E89 /* Common */,
				2E504C1628CB08FF00AE0D7F /* HomeScene */,
			);
			path = Presentation;
			sourceTree = "<group>";
		};
		2E0311FF28CA838E006D4E89 /* Util */ = {
			isa = PBXGroup;
			children = (
				2E504C0B28CB028A00AE0D7F /* Constants */,
				2E504C3B28CDC86700AE0D7F /* CustomUIKit */,
				2E504C0C28CB029300AE0D7F /* Extension */,
			);
			path = Util;
			sourceTree = "<group>";
		};
		2E03120028CA83CB006D4E89 /* Resource */ = {
			isa = PBXGroup;
			children = (
				2E03120528CA84CF006D4E89 /* Assets */,
			);
			path = Resource;
			sourceTree = "<group>";
		};
		2E03120128CA844C006D4E89 /* Common */ = {
			isa = PBXGroup;
			children = (
				2E504C0F28CB03C700AE0D7F /* Coordinator */,
				2E03120328CA8459006D4E89 /* View */,
				2E504C2E28CB43DA00AE0D7F /* ViewController */,
			);
			path = Common;
			sourceTree = "<group>";
		};
		2E03120328CA8459006D4E89 /* View */ = {
			isa = PBXGroup;
			children = (
				2EA7A97628C990F10012A8BB /* Main.storyboard */,
			);
			path = View;
			sourceTree = "<group>";
		};
		2E03120528CA84CF006D4E89 /* Assets */ = {
			isa = PBXGroup;
			children = (
				2EA7A97928C990F30012A8BB /* Assets.xcassets */,
			);
			path = Assets;
			sourceTree = "<group>";
		};
		2E03120628CA8522006D4E89 /* Repository */ = {
			isa = PBXGroup;
			children = (
			);
			path = Repository;
			sourceTree = "<group>";
		};
		2E03120728CA852B006D4E89 /* DataMapping */ = {
			isa = PBXGroup;
			children = (
			);
			path = DataMapping;
			sourceTree = "<group>";
		};
		2E504C0B28CB028A00AE0D7F /* Constants */ = {
			isa = PBXGroup;
			children = (
				2E504C1428CB05B000AE0D7F /* CoordinatorType.swift */,
				2ECC586328CDE28600C2D457 /* SystemIcons.swift */,
				2E504C2C28CB42D900AE0D7F /* UIConstants.swift */,
			);
			path = Constants;
			sourceTree = "<group>";
		};
		2E504C0C28CB029300AE0D7F /* Extension */ = {
			isa = PBXGroup;
			children = (
				2E504C3E28CDC90E00AE0D7F /* UIView.swift */,
			);
			path = Extension;
			sourceTree = "<group>";
		};
		2E504C0F28CB03C700AE0D7F /* Coordinator */ = {
			isa = PBXGroup;
			children = (
				2E504C1028CB03D300AE0D7F /* AppCoordinator.swift */,
				2E504C1228CB03F300AE0D7F /* Coordinator.swift */,
			);
			path = Coordinator;
			sourceTree = "<group>";
		};
		2E504C1628CB08FF00AE0D7F /* HomeScene */ = {
			isa = PBXGroup;
			children = (
				2E504C1728CB091200AE0D7F /* Coordinator */,
				2E504C1A28CB099900AE0D7F /* View */,
				2E504C1B28CB09A300AE0D7F /* ViewController */,
				2E504C1C28CB09B400AE0D7F /* ViewModel */,
			);
			path = HomeScene;
			sourceTree = "<group>";
		};
		2E504C1728CB091200AE0D7F /* Coordinator */ = {
			isa = PBXGroup;
			children = (
				2E504C1828CB092300AE0D7F /* HomeCoordinator.swift */,
			);
			path = Coordinator;
			sourceTree = "<group>";
		};
		2E504C1A28CB099900AE0D7F /* View */ = {
			isa = PBXGroup;
			children = (
				2E504C2A28CB41CA00AE0D7F /* Home.storyboard */,
				2E504C3928CDA49500AE0D7F /* TopMenuView.xib */,
			);
			path = View;
			sourceTree = "<group>";
		};
		2E504C1B28CB09A300AE0D7F /* ViewController */ = {
			isa = PBXGroup;
			children = (
				2E504C1D28CB09E300AE0D7F /* HomeViewController.swift */,
				2E504C3728CDA48700AE0D7F /* TopMenuView.swift */,
			);
			path = ViewController;
			sourceTree = "<group>";
		};
		2E504C1C28CB09B400AE0D7F /* ViewModel */ = {
			isa = PBXGroup;
			children = (
				2E504C2228CB3F4700AE0D7F /* HomeViewModel.swift */,
			);
			path = ViewModel;
			sourceTree = "<group>";
		};
		2E504C2428CB404F00AE0D7F /* Domain */ = {
			isa = PBXGroup;
			children = (
				2E504C2728CB406A00AE0D7F /* Model */,
				2E504C2628CB406000AE0D7F /* UseCase */,
				2E504C2528CB405900AE0D7F /* Interface */,
			);
			path = Domain;
			sourceTree = "<group>";
		};
		2E504C2528CB405900AE0D7F /* Interface */ = {
			isa = PBXGroup;
			children = (
			);
			path = Interface;
			sourceTree = "<group>";
		};
		2E504C2628CB406000AE0D7F /* UseCase */ = {
			isa = PBXGroup;
			children = (
				2E504C2828CB407B00AE0D7F /* HomeUseCase.swift */,
			);
			path = UseCase;
			sourceTree = "<group>";
		};
		2E504C2728CB406A00AE0D7F /* Model */ = {
			isa = PBXGroup;
			children = (
			);
			path = Model;
			sourceTree = "<group>";
		};
		2E504C2E28CB43DA00AE0D7F /* ViewController */ = {
			isa = PBXGroup;
			children = (
			);
			path = ViewController;
			sourceTree = "<group>";
		};
		2E504C3B28CDC86700AE0D7F /* CustomUIKit */ = {
			isa = PBXGroup;
			children = (
				2E504C3C28CDC88800AE0D7F /* XibUIView.swift */,
			);
			path = CustomUIKit;
			sourceTree = "<group>";
		};
		2EA7A96428C990F10012A8BB = {
			isa = PBXGroup;
			children = (
				2E504C2028CB0B0B00AE0D7F /* .swiftlint.yml */,
				2EA7A96F28C990F10012A8BB /* LoaWith */,
				2EA7A98628C990F30012A8BB /* LoaWithTests */,
				2EA7A99028C990F30012A8BB /* LoaWithUITests */,
				2EA7A96E28C990F10012A8BB /* Products */,
				F55FA2C2223E3773D7D75FC7 /* Pods */,
				9FB392C021568FB2B4A909EF /* Frameworks */,
			);
			sourceTree = "<group>";
		};
		2EA7A96E28C990F10012A8BB /* Products */ = {
			isa = PBXGroup;
			children = (
				2EA7A96D28C990F10012A8BB /* LoaWith.app */,
				2EA7A98328C990F30012A8BB /* LoaWithTests.xctest */,
				2EA7A98D28C990F30012A8BB /* LoaWithUITests.xctest */,
			);
			name = Products;
			sourceTree = "<group>";
		};
		2EA7A96F28C990F10012A8BB /* LoaWith */ = {
			isa = PBXGroup;
			children = (
				2E0311FB28CA8345006D4E89 /* Application */,
				2E0311FC28CA8351006D4E89 /* Data */,
				2E504C2428CB404F00AE0D7F /* Domain */,
				2E0311FD28CA8357006D4E89 /* Presentation */,
				2E03120028CA83CB006D4E89 /* Resource */,
				2E0311FF28CA838E006D4E89 /* Util */,
				2EA7A97E28C990F30012A8BB /* Info.plist */,
			);
			path = LoaWith;
			sourceTree = "<group>";
		};
		2EA7A98628C990F30012A8BB /* LoaWithTests */ = {
			isa = PBXGroup;
			children = (
				2EA7A98728C990F30012A8BB /* LoaWithTests.swift */,
			);
			path = LoaWithTests;
			sourceTree = "<group>";
		};
		2EA7A99028C990F30012A8BB /* LoaWithUITests */ = {
			isa = PBXGroup;
			children = (
				2EA7A99128C990F30012A8BB /* LoaWithUITests.swift */,
				2EA7A99328C990F30012A8BB /* LoaWithUITestsLaunchTests.swift */,
			);
			path = LoaWithUITests;
			sourceTree = "<group>";
		};
		9FB392C021568FB2B4A909EF /* Frameworks */ = {
			isa = PBXGroup;
			children = (
				774B76D0A588ECA08F260E17 /* Pods_LoaWith.framework */,
			);
			name = Frameworks;
			sourceTree = "<group>";
		};
		F55FA2C2223E3773D7D75FC7 /* Pods */ = {
			isa = PBXGroup;
			children = (
				C35B585AAADEEBF810B16AAE /* Pods-LoaWith.debug.xcconfig */,
				3DEBCFB75B1B13E33B63E55B /* Pods-LoaWith.release.xcconfig */,
			);
			path = Pods;
			sourceTree = "<group>";
		};
/* End PBXGroup section */

/* Begin PBXNativeTarget section */
		2EA7A96C28C990F10012A8BB /* LoaWith */ = {
			isa = PBXNativeTarget;
			buildConfigurationList = 2EA7A99728C990F30012A8BB /* Build configuration list for PBXNativeTarget "LoaWith" */;
			buildPhases = (
				C05D0F96553C1CA9D77A299E /* [CP] Check Pods Manifest.lock */,
				2E504C1F28CB0A9400AE0D7F /* SwiftLint Script */,
				2EA7A96928C990F10012A8BB /* Sources */,
				2EA7A96A28C990F10012A8BB /* Frameworks */,
				2EA7A96B28C990F10012A8BB /* Resources */,
				308DBF36E929B2DFDF617801 /* [CP] Embed Pods Frameworks */,
			);
			buildRules = (
			);
			dependencies = (
			);
			name = LoaWith;
			productName = LoaWith;
			productReference = 2EA7A96D28C990F10012A8BB /* LoaWith.app */;
			productType = "com.apple.product-type.application";
		};
		2EA7A98228C990F30012A8BB /* LoaWithTests */ = {
			isa = PBXNativeTarget;
			buildConfigurationList = 2EA7A99A28C990F30012A8BB /* Build configuration list for PBXNativeTarget "LoaWithTests" */;
			buildPhases = (
				2EA7A97F28C990F30012A8BB /* Sources */,
				2EA7A98028C990F30012A8BB /* Frameworks */,
				2EA7A98128C990F30012A8BB /* Resources */,
			);
			buildRules = (
			);
			dependencies = (
				2EA7A98528C990F30012A8BB /* PBXTargetDependency */,
			);
			name = LoaWithTests;
			productName = LoaWithTests;
			productReference = 2EA7A98328C990F30012A8BB /* LoaWithTests.xctest */;
			productType = "com.apple.product-type.bundle.unit-test";
		};
		2EA7A98C28C990F30012A8BB /* LoaWithUITests */ = {
			isa = PBXNativeTarget;
			buildConfigurationList = 2EA7A99D28C990F30012A8BB /* Build configuration list for PBXNativeTarget "LoaWithUITests" */;
			buildPhases = (
				2EA7A98928C990F30012A8BB /* Sources */,
				2EA7A98A28C990F30012A8BB /* Frameworks */,
				2EA7A98B28C990F30012A8BB /* Resources */,
			);
			buildRules = (
			);
			dependencies = (
				2EA7A98F28C990F30012A8BB /* PBXTargetDependency */,
			);
			name = LoaWithUITests;
			productName = LoaWithUITests;
			productReference = 2EA7A98D28C990F30012A8BB /* LoaWithUITests.xctest */;
			productType = "com.apple.product-type.bundle.ui-testing";
		};
/* End PBXNativeTarget section */

/* Begin PBXProject section */
		2EA7A96528C990F10012A8BB /* Project object */ = {
			isa = PBXProject;
			attributes = {
				BuildIndependentTargetsInParallel = 1;
				LastSwiftUpdateCheck = 1340;
				LastUpgradeCheck = 1340;
				TargetAttributes = {
					2EA7A96C28C990F10012A8BB = {
						CreatedOnToolsVersion = 13.4.1;
					};
					2EA7A98228C990F30012A8BB = {
						CreatedOnToolsVersion = 13.4.1;
						TestTargetID = 2EA7A96C28C990F10012A8BB;
					};
					2EA7A98C28C990F30012A8BB = {
						CreatedOnToolsVersion = 13.4.1;
						TestTargetID = 2EA7A96C28C990F10012A8BB;
					};
				};
			};
			buildConfigurationList = 2EA7A96828C990F10012A8BB /* Build configuration list for PBXProject "LoaWith" */;
			compatibilityVersion = "Xcode 13.0";
			developmentRegion = en;
			hasScannedForEncodings = 0;
			knownRegions = (
				en,
				Base,
			);
			mainGroup = 2EA7A96428C990F10012A8BB;
			productRefGroup = 2EA7A96E28C990F10012A8BB /* Products */;
			projectDirPath = "";
			projectRoot = "";
			targets = (
				2EA7A96C28C990F10012A8BB /* LoaWith */,
				2EA7A98228C990F30012A8BB /* LoaWithTests */,
				2EA7A98C28C990F30012A8BB /* LoaWithUITests */,
			);
		};
/* End PBXProject section */

/* Begin PBXResourcesBuildPhase section */
		2EA7A96B28C990F10012A8BB /* Resources */ = {
			isa = PBXResourcesBuildPhase;
			buildActionMask = 2147483647;
			files = (
				2E504C2128CB0B0B00AE0D7F /* .swiftlint.yml in Resources */,
				2E504C3A28CDA49500AE0D7F /* TopMenuView.xib in Resources */,
				2E504C2B28CB41CA00AE0D7F /* Home.storyboard in Resources */,
				2EA7A97D28C990F30012A8BB /* LaunchScreen.storyboard in Resources */,
				2EA7A97A28C990F30012A8BB /* Assets.xcassets in Resources */,
				2EA7A97828C990F10012A8BB /* Main.storyboard in Resources */,
			);
			runOnlyForDeploymentPostprocessing = 0;
		};
		2EA7A98128C990F30012A8BB /* Resources */ = {
			isa = PBXResourcesBuildPhase;
			buildActionMask = 2147483647;
			files = (
			);
			runOnlyForDeploymentPostprocessing = 0;
		};
		2EA7A98B28C990F30012A8BB /* Resources */ = {
			isa = PBXResourcesBuildPhase;
			buildActionMask = 2147483647;
			files = (
			);
			runOnlyForDeploymentPostprocessing = 0;
		};
/* End PBXResourcesBuildPhase section */

/* Begin PBXShellScriptBuildPhase section */
		2E504C1F28CB0A9400AE0D7F /* SwiftLint Script */ = {
			isa = PBXShellScriptBuildPhase;
			buildActionMask = 2147483647;
			files = (
			);
			inputFileListPaths = (
			);
			inputPaths = (
			);
			name = "SwiftLint Script";
			outputFileListPaths = (
			);
			outputPaths = (
			);
			runOnlyForDeploymentPostprocessing = 0;
			shellPath = /bin/sh;
			shellScript = "export PATH=\"$PATH:/opt/homebrew/bin\"\nif which swiftlint >/dev/null; then\n  swiftlint\nelse\n  echo \"warning: SwiftLint not installed, download from https://github.com/realm/SwiftLint\"\nfi\n";
		};
		308DBF36E929B2DFDF617801 /* [CP] Embed Pods Frameworks */ = {
			isa = PBXShellScriptBuildPhase;
			buildActionMask = 2147483647;
			files = (
			);
			inputFileListPaths = (
				"${PODS_ROOT}/Target Support Files/Pods-LoaWith/Pods-LoaWith-frameworks-${CONFIGURATION}-input-files.xcfilelist",
			);
			name = "[CP] Embed Pods Frameworks";
			outputFileListPaths = (
				"${PODS_ROOT}/Target Support Files/Pods-LoaWith/Pods-LoaWith-frameworks-${CONFIGURATION}-output-files.xcfilelist",
			);
			runOnlyForDeploymentPostprocessing = 0;
			shellPath = /bin/sh;
			shellScript = "\"${PODS_ROOT}/Target Support Files/Pods-LoaWith/Pods-LoaWith-frameworks.sh\"\n";
			showEnvVarsInLog = 0;
		};
		C05D0F96553C1CA9D77A299E /* [CP] Check Pods Manifest.lock */ = {
			isa = PBXShellScriptBuildPhase;
			buildActionMask = 2147483647;
			files = (
			);
			inputFileListPaths = (
			);
			inputPaths = (
				"${PODS_PODFILE_DIR_PATH}/Podfile.lock",
				"${PODS_ROOT}/Manifest.lock",
			);
			name = "[CP] Check Pods Manifest.lock";
			outputFileListPaths = (
			);
			outputPaths = (
				"$(DERIVED_FILE_DIR)/Pods-LoaWith-checkManifestLockResult.txt",
			);
			runOnlyForDeploymentPostprocessing = 0;
			shellPath = /bin/sh;
			shellScript = "diff \"${PODS_PODFILE_DIR_PATH}/Podfile.lock\" \"${PODS_ROOT}/Manifest.lock\" > /dev/null\nif [ $? != 0 ] ; then\n    # print error to STDERR\n    echo \"error: The sandbox is not in sync with the Podfile.lock. Run 'pod install' or update your CocoaPods installation.\" >&2\n    exit 1\nfi\n# This output is used by Xcode 'outputs' to avoid re-running this script phase.\necho \"SUCCESS\" > \"${SCRIPT_OUTPUT_FILE_0}\"\n";
			showEnvVarsInLog = 0;
		};
/* End PBXShellScriptBuildPhase section */

/* Begin PBXSourcesBuildPhase section */
		2EA7A96928C990F10012A8BB /* Sources */ = {
			isa = PBXSourcesBuildPhase;
			buildActionMask = 2147483647;
			files = (
				2E504C3F28CDC90E00AE0D7F /* UIView.swift in Sources */,
				2E504C2928CB407B00AE0D7F /* HomeUseCase.swift in Sources */,
				2E504C1328CB03F300AE0D7F /* Coordinator.swift in Sources */,
				2E504C1128CB03D300AE0D7F /* AppCoordinator.swift in Sources */,
				2EA7A97128C990F10012A8BB /* AppDelegate.swift in Sources */,
				2E504C3828CDA48700AE0D7F /* TopMenuView.swift in Sources */,
				2E504C2328CB3F4700AE0D7F /* HomeViewModel.swift in Sources */,
				2E504C3D28CDC88800AE0D7F /* XibUIView.swift in Sources */,
				2EA7A97328C990F10012A8BB /* SceneDelegate.swift in Sources */,
				2E504C1528CB05B000AE0D7F /* CoordinatorType.swift in Sources */,
				2E504C1E28CB09E300AE0D7F /* HomeViewController.swift in Sources */,
				2E504C2D28CB42D900AE0D7F /* UIConstants.swift in Sources */,
				2E504C1928CB092300AE0D7F /* HomeCoordinator.swift in Sources */,
				2ECC586428CDE28600C2D457 /* SystemIcons.swift in Sources */,
			);
			runOnlyForDeploymentPostprocessing = 0;
		};
		2EA7A97F28C990F30012A8BB /* Sources */ = {
			isa = PBXSourcesBuildPhase;
			buildActionMask = 2147483647;
			files = (
				2EA7A98828C990F30012A8BB /* LoaWithTests.swift in Sources */,
			);
			runOnlyForDeploymentPostprocessing = 0;
		};
		2EA7A98928C990F30012A8BB /* Sources */ = {
			isa = PBXSourcesBuildPhase;
			buildActionMask = 2147483647;
			files = (
				2EA7A99228C990F30012A8BB /* LoaWithUITests.swift in Sources */,
				2EA7A99428C990F30012A8BB /* LoaWithUITestsLaunchTests.swift in Sources */,
			);
			runOnlyForDeploymentPostprocessing = 0;
		};
/* End PBXSourcesBuildPhase section */

/* Begin PBXTargetDependency section */
		2EA7A98528C990F30012A8BB /* PBXTargetDependency */ = {
			isa = PBXTargetDependency;
			target = 2EA7A96C28C990F10012A8BB /* LoaWith */;
			targetProxy = 2EA7A98428C990F30012A8BB /* PBXContainerItemProxy */;
		};
		2EA7A98F28C990F30012A8BB /* PBXTargetDependency */ = {
			isa = PBXTargetDependency;
			target = 2EA7A96C28C990F10012A8BB /* LoaWith */;
			targetProxy = 2EA7A98E28C990F30012A8BB /* PBXContainerItemProxy */;
		};
/* End PBXTargetDependency section */

/* Begin PBXVariantGroup section */
		2EA7A97628C990F10012A8BB /* Main.storyboard */ = {
			isa = PBXVariantGroup;
			children = (
				2EA7A97728C990F10012A8BB /* Base */,
			);
			name = Main.storyboard;
			sourceTree = "<group>";
		};
		2EA7A97B28C990F30012A8BB /* LaunchScreen.storyboard */ = {
			isa = PBXVariantGroup;
			children = (
				2EA7A97C28C990F30012A8BB /* Base */,
			);
			name = LaunchScreen.storyboard;
			sourceTree = "<group>";
		};
/* End PBXVariantGroup section */

/* Begin XCBuildConfiguration section */
		2EA7A99528C990F30012A8BB /* Debug */ = {
			isa = XCBuildConfiguration;
			buildSettings = {
				ALWAYS_SEARCH_USER_PATHS = NO;
				CLANG_ANALYZER_NONNULL = YES;
				CLANG_ANALYZER_NUMBER_OBJECT_CONVERSION = YES_AGGRESSIVE;
				CLANG_CXX_LANGUAGE_STANDARD = "gnu++17";
				CLANG_ENABLE_MODULES = YES;
				CLANG_ENABLE_OBJC_ARC = YES;
				CLANG_ENABLE_OBJC_WEAK = YES;
				CLANG_WARN_BLOCK_CAPTURE_AUTORELEASING = YES;
				CLANG_WARN_BOOL_CONVERSION = YES;
				CLANG_WARN_COMMA = YES;
				CLANG_WARN_CONSTANT_CONVERSION = YES;
				CLANG_WARN_DEPRECATED_OBJC_IMPLEMENTATIONS = YES;
				CLANG_WARN_DIRECT_OBJC_ISA_USAGE = YES_ERROR;
				CLANG_WARN_DOCUMENTATION_COMMENTS = YES;
				CLANG_WARN_EMPTY_BODY = YES;
				CLANG_WARN_ENUM_CONVERSION = YES;
				CLANG_WARN_INFINITE_RECURSION = YES;
				CLANG_WARN_INT_CONVERSION = YES;
				CLANG_WARN_NON_LITERAL_NULL_CONVERSION = YES;
				CLANG_WARN_OBJC_IMPLICIT_RETAIN_SELF = YES;
				CLANG_WARN_OBJC_LITERAL_CONVERSION = YES;
				CLANG_WARN_OBJC_ROOT_CLASS = YES_ERROR;
				CLANG_WARN_QUOTED_INCLUDE_IN_FRAMEWORK_HEADER = YES;
				CLANG_WARN_RANGE_LOOP_ANALYSIS = YES;
				CLANG_WARN_STRICT_PROTOTYPES = YES;
				CLANG_WARN_SUSPICIOUS_MOVE = YES;
				CLANG_WARN_UNGUARDED_AVAILABILITY = YES_AGGRESSIVE;
				CLANG_WARN_UNREACHABLE_CODE = YES;
				CLANG_WARN__DUPLICATE_METHOD_MATCH = YES;
				COPY_PHASE_STRIP = NO;
				DEBUG_INFORMATION_FORMAT = dwarf;
				ENABLE_STRICT_OBJC_MSGSEND = YES;
				ENABLE_TESTABILITY = YES;
				GCC_C_LANGUAGE_STANDARD = gnu11;
				GCC_DYNAMIC_NO_PIC = NO;
				GCC_NO_COMMON_BLOCKS = YES;
				GCC_OPTIMIZATION_LEVEL = 0;
				GCC_PREPROCESSOR_DEFINITIONS = (
					"DEBUG=1",
					"$(inherited)",
				);
				GCC_WARN_64_TO_32_BIT_CONVERSION = YES;
				GCC_WARN_ABOUT_RETURN_TYPE = YES_ERROR;
				GCC_WARN_UNDECLARED_SELECTOR = YES;
				GCC_WARN_UNINITIALIZED_AUTOS = YES_AGGRESSIVE;
				GCC_WARN_UNUSED_FUNCTION = YES;
				GCC_WARN_UNUSED_VARIABLE = YES;
				IPHONEOS_DEPLOYMENT_TARGET = 15.5;
				MTL_ENABLE_DEBUG_INFO = INCLUDE_SOURCE;
				MTL_FAST_MATH = YES;
				ONLY_ACTIVE_ARCH = YES;
				SDKROOT = iphoneos;
				SWIFT_ACTIVE_COMPILATION_CONDITIONS = DEBUG;
				SWIFT_OPTIMIZATION_LEVEL = "-Onone";
			};
			name = Debug;
		};
		2EA7A99628C990F30012A8BB /* Release */ = {
			isa = XCBuildConfiguration;
			buildSettings = {
				ALWAYS_SEARCH_USER_PATHS = NO;
				CLANG_ANALYZER_NONNULL = YES;
				CLANG_ANALYZER_NUMBER_OBJECT_CONVERSION = YES_AGGRESSIVE;
				CLANG_CXX_LANGUAGE_STANDARD = "gnu++17";
				CLANG_ENABLE_MODULES = YES;
				CLANG_ENABLE_OBJC_ARC = YES;
				CLANG_ENABLE_OBJC_WEAK = YES;
				CLANG_WARN_BLOCK_CAPTURE_AUTORELEASING = YES;
				CLANG_WARN_BOOL_CONVERSION = YES;
				CLANG_WARN_COMMA = YES;
				CLANG_WARN_CONSTANT_CONVERSION = YES;
				CLANG_WARN_DEPRECATED_OBJC_IMPLEMENTATIONS = YES;
				CLANG_WARN_DIRECT_OBJC_ISA_USAGE = YES_ERROR;
				CLANG_WARN_DOCUMENTATION_COMMENTS = YES;
				CLANG_WARN_EMPTY_BODY = YES;
				CLANG_WARN_ENUM_CONVERSION = YES;
				CLANG_WARN_INFINITE_RECURSION = YES;
				CLANG_WARN_INT_CONVERSION = YES;
				CLANG_WARN_NON_LITERAL_NULL_CONVERSION = YES;
				CLANG_WARN_OBJC_IMPLICIT_RETAIN_SELF = YES;
				CLANG_WARN_OBJC_LITERAL_CONVERSION = YES;
				CLANG_WARN_OBJC_ROOT_CLASS = YES_ERROR;
				CLANG_WARN_QUOTED_INCLUDE_IN_FRAMEWORK_HEADER = YES;
				CLANG_WARN_RANGE_LOOP_ANALYSIS = YES;
				CLANG_WARN_STRICT_PROTOTYPES = YES;
				CLANG_WARN_SUSPICIOUS_MOVE = YES;
				CLANG_WARN_UNGUARDED_AVAILABILITY = YES_AGGRESSIVE;
				CLANG_WARN_UNREACHABLE_CODE = YES;
				CLANG_WARN__DUPLICATE_METHOD_MATCH = YES;
				COPY_PHASE_STRIP = NO;
				DEBUG_INFORMATION_FORMAT = "dwarf-with-dsym";
				ENABLE_NS_ASSERTIONS = NO;
				ENABLE_STRICT_OBJC_MSGSEND = YES;
				GCC_C_LANGUAGE_STANDARD = gnu11;
				GCC_NO_COMMON_BLOCKS = YES;
				GCC_WARN_64_TO_32_BIT_CONVERSION = YES;
				GCC_WARN_ABOUT_RETURN_TYPE = YES_ERROR;
				GCC_WARN_UNDECLARED_SELECTOR = YES;
				GCC_WARN_UNINITIALIZED_AUTOS = YES_AGGRESSIVE;
				GCC_WARN_UNUSED_FUNCTION = YES;
				GCC_WARN_UNUSED_VARIABLE = YES;
				IPHONEOS_DEPLOYMENT_TARGET = 15.5;
				MTL_ENABLE_DEBUG_INFO = NO;
				MTL_FAST_MATH = YES;
				SDKROOT = iphoneos;
				SWIFT_COMPILATION_MODE = wholemodule;
				SWIFT_OPTIMIZATION_LEVEL = "-O";
				VALIDATE_PRODUCT = YES;
			};
			name = Release;
		};
		2EA7A99828C990F30012A8BB /* Debug */ = {
			isa = XCBuildConfiguration;
			baseConfigurationReference = C35B585AAADEEBF810B16AAE /* Pods-LoaWith.debug.xcconfig */;
			buildSettings = {
				ASSETCATALOG_COMPILER_APPICON_NAME = AppIcon;
				ASSETCATALOG_COMPILER_GLOBAL_ACCENT_COLOR_NAME = AccentColor;
				CODE_SIGN_STYLE = Automatic;
				CURRENT_PROJECT_VERSION = 1;
				DEVELOPMENT_TEAM = XW996HTK32;
				GENERATE_INFOPLIST_FILE = YES;
				INFOPLIST_FILE = LoaWith/Info.plist;
				INFOPLIST_KEY_UIApplicationSupportsIndirectInputEvents = YES;
				INFOPLIST_KEY_UILaunchStoryboardName = LaunchScreen;
				INFOPLIST_KEY_UIMainStoryboardFile = Main;
				INFOPLIST_KEY_UISupportedInterfaceOrientations_iPad = "UIInterfaceOrientationPortrait UIInterfaceOrientationPortraitUpsideDown UIInterfaceOrientationLandscapeLeft UIInterfaceOrientationLandscapeRight";
				INFOPLIST_KEY_UISupportedInterfaceOrientations_iPhone = "UIInterfaceOrientationPortrait UIInterfaceOrientationLandscapeLeft UIInterfaceOrientationLandscapeRight";
				LD_RUNPATH_SEARCH_PATHS = (
					"$(inherited)",
					"@executable_path/Frameworks",
				);
				MARKETING_VERSION = 1.0;
				PRODUCT_BUNDLE_IDENTIFIER = stansign.LoaWith;
				PRODUCT_NAME = "$(TARGET_NAME)";
				SWIFT_EMIT_LOC_STRINGS = YES;
				SWIFT_VERSION = 5.0;
				TARGETED_DEVICE_FAMILY = "1,2";
			};
			name = Debug;
		};
		2EA7A99928C990F30012A8BB /* Release */ = {
			isa = XCBuildConfiguration;
			baseConfigurationReference = 3DEBCFB75B1B13E33B63E55B /* Pods-LoaWith.release.xcconfig */;
			buildSettings = {
				ASSETCATALOG_COMPILER_APPICON_NAME = AppIcon;
				ASSETCATALOG_COMPILER_GLOBAL_ACCENT_COLOR_NAME = AccentColor;
				CODE_SIGN_STYLE = Automatic;
				CURRENT_PROJECT_VERSION = 1;
				DEVELOPMENT_TEAM = XW996HTK32;
				GENERATE_INFOPLIST_FILE = YES;
				INFOPLIST_FILE = LoaWith/Info.plist;
				INFOPLIST_KEY_UIApplicationSupportsIndirectInputEvents = YES;
				INFOPLIST_KEY_UILaunchStoryboardName = LaunchScreen;
				INFOPLIST_KEY_UIMainStoryboardFile = Main;
				INFOPLIST_KEY_UISupportedInterfaceOrientations_iPad = "UIInterfaceOrientationPortrait UIInterfaceOrientationPortraitUpsideDown UIInterfaceOrientationLandscapeLeft UIInterfaceOrientationLandscapeRight";
				INFOPLIST_KEY_UISupportedInterfaceOrientations_iPhone = "UIInterfaceOrientationPortrait UIInterfaceOrientationLandscapeLeft UIInterfaceOrientationLandscapeRight";
				LD_RUNPATH_SEARCH_PATHS = (
					"$(inherited)",
					"@executable_path/Frameworks",
				);
				MARKETING_VERSION = 1.0;
				PRODUCT_BUNDLE_IDENTIFIER = stansign.LoaWith;
				PRODUCT_NAME = "$(TARGET_NAME)";
				SWIFT_EMIT_LOC_STRINGS = YES;
				SWIFT_VERSION = 5.0;
				TARGETED_DEVICE_FAMILY = "1,2";
			};
			name = Release;
		};
		2EA7A99B28C990F30012A8BB /* Debug */ = {
			isa = XCBuildConfiguration;
			buildSettings = {
				ALWAYS_EMBED_SWIFT_STANDARD_LIBRARIES = YES;
				BUNDLE_LOADER = "$(TEST_HOST)";
				CODE_SIGN_STYLE = Automatic;
				CURRENT_PROJECT_VERSION = 1;
				DEVELOPMENT_TEAM = XW996HTK32;
				GENERATE_INFOPLIST_FILE = YES;
				IPHONEOS_DEPLOYMENT_TARGET = 15.5;
				MARKETING_VERSION = 1.0;
				PRODUCT_BUNDLE_IDENTIFIER = stansign.LoaWithTests;
				PRODUCT_NAME = "$(TARGET_NAME)";
				SWIFT_EMIT_LOC_STRINGS = NO;
				SWIFT_VERSION = 5.0;
				TARGETED_DEVICE_FAMILY = "1,2";
				TEST_HOST = "$(BUILT_PRODUCTS_DIR)/LoaWith.app/LoaWith";
			};
			name = Debug;
		};
		2EA7A99C28C990F30012A8BB /* Release */ = {
			isa = XCBuildConfiguration;
			buildSettings = {
				ALWAYS_EMBED_SWIFT_STANDARD_LIBRARIES = YES;
				BUNDLE_LOADER = "$(TEST_HOST)";
				CODE_SIGN_STYLE = Automatic;
				CURRENT_PROJECT_VERSION = 1;
				DEVELOPMENT_TEAM = XW996HTK32;
				GENERATE_INFOPLIST_FILE = YES;
				IPHONEOS_DEPLOYMENT_TARGET = 15.5;
				MARKETING_VERSION = 1.0;
				PRODUCT_BUNDLE_IDENTIFIER = stansign.LoaWithTests;
				PRODUCT_NAME = "$(TARGET_NAME)";
				SWIFT_EMIT_LOC_STRINGS = NO;
				SWIFT_VERSION = 5.0;
				TARGETED_DEVICE_FAMILY = "1,2";
				TEST_HOST = "$(BUILT_PRODUCTS_DIR)/LoaWith.app/LoaWith";
			};
			name = Release;
		};
		2EA7A99E28C990F30012A8BB /* Debug */ = {
			isa = XCBuildConfiguration;
			buildSettings = {
				ALWAYS_EMBED_SWIFT_STANDARD_LIBRARIES = YES;
				CODE_SIGN_STYLE = Automatic;
				CURRENT_PROJECT_VERSION = 1;
				DEVELOPMENT_TEAM = XW996HTK32;
				GENERATE_INFOPLIST_FILE = YES;
				MARKETING_VERSION = 1.0;
				PRODUCT_BUNDLE_IDENTIFIER = stansign.LoaWithUITests;
				PRODUCT_NAME = "$(TARGET_NAME)";
				SWIFT_EMIT_LOC_STRINGS = NO;
				SWIFT_VERSION = 5.0;
				TARGETED_DEVICE_FAMILY = "1,2";
				TEST_TARGET_NAME = LoaWith;
			};
			name = Debug;
		};
		2EA7A99F28C990F30012A8BB /* Release */ = {
			isa = XCBuildConfiguration;
			buildSettings = {
				ALWAYS_EMBED_SWIFT_STANDARD_LIBRARIES = YES;
				CODE_SIGN_STYLE = Automatic;
				CURRENT_PROJECT_VERSION = 1;
				DEVELOPMENT_TEAM = XW996HTK32;
				GENERATE_INFOPLIST_FILE = YES;
				MARKETING_VERSION = 1.0;
				PRODUCT_BUNDLE_IDENTIFIER = stansign.LoaWithUITests;
				PRODUCT_NAME = "$(TARGET_NAME)";
				SWIFT_EMIT_LOC_STRINGS = NO;
				SWIFT_VERSION = 5.0;
				TARGETED_DEVICE_FAMILY = "1,2";
				TEST_TARGET_NAME = LoaWith;
			};
			name = Release;
		};
/* End XCBuildConfiguration section */

/* Begin XCConfigurationList section */
		2EA7A96828C990F10012A8BB /* Build configuration list for PBXProject "LoaWith" */ = {
			isa = XCConfigurationList;
			buildConfigurations = (
				2EA7A99528C990F30012A8BB /* Debug */,
				2EA7A99628C990F30012A8BB /* Release */,
			);
			defaultConfigurationIsVisible = 0;
			defaultConfigurationName = Release;
		};
		2EA7A99728C990F30012A8BB /* Build configuration list for PBXNativeTarget "LoaWith" */ = {
			isa = XCConfigurationList;
			buildConfigurations = (
				2EA7A99828C990F30012A8BB /* Debug */,
				2EA7A99928C990F30012A8BB /* Release */,
			);
			defaultConfigurationIsVisible = 0;
			defaultConfigurationName = Release;
		};
		2EA7A99A28C990F30012A8BB /* Build configuration list for PBXNativeTarget "LoaWithTests" */ = {
			isa = XCConfigurationList;
			buildConfigurations = (
				2EA7A99B28C990F30012A8BB /* Debug */,
				2EA7A99C28C990F30012A8BB /* Release */,
			);
			defaultConfigurationIsVisible = 0;
			defaultConfigurationName = Release;
		};
		2EA7A99D28C990F30012A8BB /* Build configuration list for PBXNativeTarget "LoaWithUITests" */ = {
			isa = XCConfigurationList;
			buildConfigurations = (
				2EA7A99E28C990F30012A8BB /* Debug */,
				2EA7A99F28C990F30012A8BB /* Release */,
			);
			defaultConfigurationIsVisible = 0;
			defaultConfigurationName = Release;
		};
/* End XCConfigurationList section */
	};
	rootObject = 2EA7A96528C990F10012A8BB /* Project object */;
}
